
Microsoft Visual Studio Solution File, Format Version 12.00
# Visual Studio 15
Project("{FAE04EC0-301F-11D3-BF4B-00C04F79EFBC}") = "UnityEngine.TestRunner", "UnityEngine.TestRunner.csproj", "{80F2DF1D-6F39-FF82-B1A9-B804376E8D74}"
EndProject
Project("{FAE04EC0-301F-11D3-BF4B-00C04F79EFBC}") = "Unity.Timeline", "Unity.Timeline.csproj", "{06815145-666A-9F43-BDC6-EE858D675792}"
EndProject
Project("{FAE04EC0-301F-11D3-BF4B-00C04F79EFBC}") = "UnityEngine.UI", "UnityEngine.UI.csproj", "{CA3D35BE-C105-D7D1-EB11-059B8F559548}"
EndProject
Project("{FAE04EC0-301F-11D3-BF4B-00C04F79EFBC}") = "Unity.TextMeshPro", "Unity.TextMeshPro.csproj", "{BBCAAA83-8522-61DC-A0B0-00EB3FA6DEBF}"
EndProject
Project("{FAE04EC0-301F-11D3-BF4B-00C04F79EFBC}") = "UnityEditor.TestRunner", "UnityEditor.TestRunner.csproj", "{E9551134-E8D0-1CC4-D7E1-0685F6B3CD24}"
EndProject
Project("{FAE04EC0-301F-11D3-BF4B-00C04F79EFBC}") = "Unity.PlasticSCM.Editor", "Unity.PlasticSCM.Editor.csproj", "{FBAAF58F-7D30-A4C9-DCAD-D8E07C833A8D}"
EndProject
Project("{FAE04EC0-301F-11D3-BF4B-00C04F79EFBC}") = "UnityEditor.UI", "UnityEditor.UI.csproj", "{19F179BC-9A95-DD5A-8811-693AD80F6C8F}"
EndProject
Project("{FAE04EC0-301F-11D3-BF4B-00C04F79EFBC}") = "Unity.Timeline.Editor", "Unity.Timeline.Editor.csproj", "{518EC2EC-A395-5063-5A2B-829A4D3D2CBE}"
EndProject
Project("{FAE04EC0-301F-11D3-BF4B-00C04F79EFBC}") = "Unity.VisualStudio.Editor", "Unity.VisualStudio.Editor.csproj", "{0F121D06-E353-94BD-E7D7-3B022D00CE42}"
EndProject
Project("{FAE04EC0-301F-11D3-BF4B-00C04F79EFBC}") = "Unity.TextMeshPro.Editor", "Unity.TextMeshPro.Editor.csproj", "{6AF7460F-893E-A939-7493-6947BE8A7E63}"
EndProject
Project("{FAE04EC0-301F-11D3-BF4B-00C04F79EFBC}") = "Unity.CollabProxy.Editor", "Unity.CollabProxy.Editor.csproj", "{B442D372-D700-FECA-7AA2-914CB40F2332}"
EndProject
Project("{FAE04EC0-301F-11D3-BF4B-00C04F79EFBC}") = "Unity.Rider.Editor", "Unity.Rider.Editor.csproj", "{83B8F080-86DE-D59B-C481-FD52F8BCEA3D}"
EndProject
Project("{FAE04EC0-301F-11D3-BF4B-00C04F79EFBC}") = "Unity.VSCode.Editor", "Unity.VSCode.Editor.csproj", "{D1C9586A-F4C3-E341-0B71-E18609728A83}"
EndProject
Project("{FAE04EC0-301F-11D3-BF4B-00C04F79EFBC}") = "UnityEngine.TestRunner", "UnityEngine.TestRunner.Player.csproj", "{9D0A2183-F79C-2C2D-36F4-1DC6A3F49C47}"
EndProject
Project("{FAE04EC0-301F-11D3-BF4B-00C04F79EFBC}") = "Unity.Timeline", "Unity.Timeline.Player.csproj", "{9490B01C-C90E-99F7-D26F-C27C182DD20C}"
EndProject
Project("{FAE04EC0-301F-11D3-BF4B-00C04F79EFBC}") = "UnityEngine.UI", "UnityEngine.UI.Player.csproj", "{A522D48E-B0EE-8840-4586-8F30280FE52E}"
EndProject
Project("{FAE04EC0-301F-11D3-BF4B-00C04F79EFBC}") = "Unity.TextMeshPro", "Unity.TextMeshPro.Player.csproj", "{783370DF-78F9-DF90-473A-049148E66691}"
EndProject
Global
	GlobalSection(SolutionConfigurationPlatforms) = preSolution
		Debug|Any CPU = Debug|Any CPU
		Release|Any CPU = Release|Any CPU
	EndGlobalSection
	GlobalSection(ProjectConfigurationPlatforms) = postSolution
		{80F2DF1D-6F39-FF82-B1A9-B804376E8D74}.Debug|Any CPU.ActiveCfg = Debug|Any CPU
		{80F2DF1D-6F39-FF82-B1A9-B804376E8D74}.Debug|Any CPU.Build.0 = Debug|Any CPU
		{80F2DF1D-6F39-FF82-B1A9-B804376E8D74}.Release|Any CPU.ActiveCfg = Release|Any CPU
		{80F2DF1D-6F39-FF82-B1A9-B804376E8D74}.Release|Any CPU.Build.0 = Release|Any CPU
		{06815145-666A-9F43-BDC6-EE858D675792}.Debug|Any CPU.ActiveCfg = Debug|Any CPU
		{06815145-666A-9F43-BDC6-EE858D675792}.Debug|Any CPU.Build.0 = Debug|Any CPU
		{06815145-666A-9F43-BDC6-EE858D675792}.Release|Any CPU.ActiveCfg = Release|Any CPU
		{06815145-666A-9F43-BDC6-EE858D675792}.Release|Any CPU.Build.0 = Release|Any CPU
		{CA3D35BE-C105-D7D1-EB11-059B8F559548}.Debug|Any CPU.ActiveCfg = Debug|Any CPU
		{CA3D35BE-C105-D7D1-EB11-059B8F559548}.Debug|Any CPU.Build.0 = Debug|Any CPU
		{CA3D35BE-C105-D7D1-EB11-059B8F559548}.Release|Any CPU.ActiveCfg = Release|Any CPU
		{CA3D35BE-C105-D7D1-EB11-059B8F559548}.Release|Any CPU.Build.0 = Release|Any CPU
		{BBCAAA83-8522-61DC-A0B0-00EB3FA6DEBF}.Debug|Any CPU.ActiveCfg = Debug|Any CPU
		{BBCAAA83-8522-61DC-A0B0-00EB3FA6DEBF}.Debug|Any CPU.Build.0 = Debug|Any CPU
		{BBCAAA83-8522-61DC-A0B0-00EB3FA6DEBF}.Release|Any CPU.ActiveCfg = Release|Any CPU
		{BBCAAA83-8522-61DC-A0B0-00EB3FA6DEBF}.Release|Any CPU.Build.0 = Release|Any CPU
		{E9551134-E8D0-1CC4-D7E1-0685F6B3CD24}.Debug|Any CPU.ActiveCfg = Debug|Any CPU
		{E9551134-E8D0-1CC4-D7E1-0685F6B3CD24}.Debug|Any CPU.Build.0 = Debug|Any CPU
		{E9551134-E8D0-1CC4-D7E1-0685F6B3CD24}.Release|Any CPU.ActiveCfg = Release|Any CPU
		{E9551134-E8D0-1CC4-D7E1-0685F6B3CD24}.Release|Any CPU.Build.0 = Release|Any CPU
		{FBAAF58F-7D30-A4C9-DCAD-D8E07C833A8D}.Debug|Any CPU.ActiveCfg = Debug|Any CPU
		{FBAAF58F-7D30-A4C9-DCAD-D8E07C833A8D}.Debug|Any CPU.Build.0 = Debug|Any CPU
		{FBAAF58F-7D30-A4C9-DCAD-D8E07C833A8D}.Release|Any CPU.ActiveCfg = Release|Any CPU
		{FBAAF58F-7D30-A4C9-DCAD-D8E07C833A8D}.Release|Any CPU.Build.0 = Release|Any CPU
		{19F179BC-9A95-DD5A-8811-693AD80F6C8F}.Debug|Any CPU.ActiveCfg = Debug|Any CPU
		{19F179BC-9A95-DD5A-8811-693AD80F6C8F}.Debug|Any CPU.Build.0 = Debug|Any CPU
		{19F179BC-9A95-DD5A-8811-693AD80F6C8F}.Release|Any CPU.ActiveCfg = Release|Any CPU
		{19F179BC-9A95-DD5A-8811-693AD80F6C8F}.Release|Any CPU.Build.0 = Release|Any CPU
		{518EC2EC-A395-5063-5A2B-829A4D3D2CBE}.Debug|Any CPU.ActiveCfg = Debug|Any CPU
		{518EC2EC-A395-5063-5A2B-829A4D3D2CBE}.Debug|Any CPU.Build.0 = Debug|Any CPU
		{518EC2EC-A395-5063-5A2B-829A4D3D2CBE}.Release|Any CPU.ActiveCfg = Release|Any CPU
		{518EC2EC-A395-5063-5A2B-829A4D3D2CBE}.Release|Any CPU.Build.0 = Release|Any CPU
		{0F121D06-E353-94BD-E7D7-3B022D00CE42}.Debug|Any CPU.ActiveCfg = Debug|Any CPU
		{0F121D06-E353-94BD-E7D7-3B022D00CE42}.Debug|Any CPU.Build.0 = Debug|Any CPU
		{0F121D06-E353-94BD-E7D7-3B022D00CE42}.Release|Any CPU.ActiveCfg = Release|Any CPU
		{0F121D06-E353-94BD-E7D7-3B022D00CE42}.Release|Any CPU.Build.0 = Release|Any CPU
		{6AF7460F-893E-A939-7493-6947BE8A7E63}.Debug|Any CPU.ActiveCfg = Debug|Any CPU
		{6AF7460F-893E-A939-7493-6947BE8A7E63}.Debug|Any CPU.Build.0 = Debug|Any CPU
		{6AF7460F-893E-A939-7493-6947BE8A7E63}.Release|Any CPU.ActiveCfg = Release|Any CPU
		{6AF7460F-893E-A939-7493-6947BE8A7E63}.Release|Any CPU.Build.0 = Release|Any CPU
		{B442D372-D700-FECA-7AA2-914CB40F2332}.Debug|Any CPU.ActiveCfg = Debug|Any CPU
		{B442D372-D700-FECA-7AA2-914CB40F2332}.Debug|Any CPU.Build.0 = Debug|Any CPU
		{B442D372-D700-FECA-7AA2-914CB40F2332}.Release|Any CPU.ActiveCfg = Release|Any CPU
		{B442D372-D700-FECA-7AA2-914CB40F2332}.Release|Any CPU.Build.0 = Release|Any CPU
		{83B8F080-86DE-D59B-C481-FD52F8BCEA3D}.Debug|Any CPU.ActiveCfg = Debug|Any CPU
		{83B8F080-86DE-D59B-C481-FD52F8BCEA3D}.Debug|Any CPU.Build.0 = Debug|Any CPU
		{83B8F080-86DE-D59B-C481-FD52F8BCEA3D}.Release|Any CPU.ActiveCfg = Release|Any CPU
		{83B8F080-86DE-D59B-C481-FD52F8BCEA3D}.Release|Any CPU.Build.0 = Release|Any CPU
		{D1C9586A-F4C3-E341-0B71-E18609728A83}.Debug|Any CPU.ActiveCfg = Debug|Any CPU
		{D1C9586A-F4C3-E341-0B71-E18609728A83}.Debug|Any CPU.Build.0 = Debug|Any CPU
		{D1C9586A-F4C3-E341-0B71-E18609728A83}.Release|Any CPU.ActiveCfg = Release|Any CPU
		{D1C9586A-F4C3-E341-0B71-E18609728A83}.Release|Any CPU.Build.0 = Release|Any CPU
		{9D0A2183-F79C-2C2D-36F4-1DC6A3F49C47}.Debug|Any CPU.ActiveCfg = Debug|Any CPU
		{9D0A2183-F79C-2C2D-36F4-1DC6A3F49C47}.Debug|Any CPU.Build.0 = Debug|Any CPU
		{9D0A2183-F79C-2C2D-36F4-1DC6A3F49C47}.Release|Any CPU.ActiveCfg = Release|Any CPU
		{9D0A2183-F79C-2C2D-36F4-1DC6A3F49C47}.Release|Any CPU.Build.0 = Release|Any CPU
		{9490B01C-C90E-99F7-D26F-C27C182DD20C}.Debug|Any CPU.ActiveCfg = Debug|Any CPU
		{9490B01C-C90E-99F7-D26F-C27C182DD20C}.Debug|Any CPU.Build.0 = Debug|Any CPU
		{9490B01C-C90E-99F7-D26F-C27C182DD20C}.Release|Any CPU.ActiveCfg = Release|Any CPU
		{9490B01C-C90E-99F7-D26F-C27C182DD20C}.Release|Any CPU.Build.0 = Release|Any CPU
		{A522D48E-B0EE-8840-4586-8F30280FE52E}.Debug|Any CPU.ActiveCfg = Debug|Any CPU
		{A522D48E-B0EE-8840-4586-8F30280FE52E}.Debug|Any CPU.Build.0 = Debug|Any CPU
		{A522D48E-B0EE-8840-4586-8F30280FE52E}.Release|Any CPU.ActiveCfg = Release|Any CPU
		{A522D48E-B0EE-8840-4586-8F30280FE52E}.Release|Any CPU.Build.0 = Release|Any CPU
		{783370DF-78F9-DF90-473A-049148E66691}.Debug|Any CPU.ActiveCfg = Debug|Any CPU
		{783370DF-78F9-DF90-473A-049148E66691}.Debug|Any CPU.Build.0 = Debug|Any CPU
		{783370DF-78F9-DF90-473A-049148E66691}.Release|Any CPU.ActiveCfg = Release|Any CPU
		{783370DF-78F9-DF90-473A-049148E66691}.Release|Any CPU.Build.0 = Release|Any CPU
	EndGlobalSection
	GlobalSection(SolutionProperties) = preSolution
		HideSolutionNode = FALSE
	EndGlobalSection
EndGlobal
